<?xml version="1.0" encoding="utf-8"?>
<Project ToolsVersion="4.0" xmlns="http://schemas.microsoft.com/developer/msbuild/2003">
  <ItemGroup>
    <FxCompile Include="Resources\shaders\LineDrawer.PS.hlsl" />
    <FxCompile Include="Resources\shaders\LineDrawer.VS.hlsl" />
    <FxCompile Include="Resources\shaders\Particle.PS.hlsl" />
    <FxCompile Include="Resources\shaders\Particle.VS.hlsl" />
    <FxCompile Include="Resources\shaders\Object3d.PS.hlsl" />
    <FxCompile Include="Resources\shaders\Object3d.VS.hlsl" />
    <FxCompile Include="Resources\shaders\Sprite.PS.hlsl" />
    <FxCompile Include="Resources\shaders\Sprite.VS.hlsl" />
    <FxCompile Include="Resources\shaders\SkinningObject3d.VS.hlsl" />
  </ItemGroup>
  <ItemGroup>
    <ClCompile Include="engine\3d\DirectionalLight.cpp" />
    <ClCompile Include="engine\3d\DevelopCamera.cpp" />
    <ClCompile Include="engine\scene\DevelopScene.cpp" />
    <ClCompile Include="engine\scenebase\AbstractSceneFactory.cpp" />
    <ClCompile Include="engine\scene\BaseScene.cpp" />
    <ClCompile Include="engine\audio\Audio.cpp" />
    <ClCompile Include="engine\audio\AudioCommon.cpp" />
    <ClCompile Include="engine\3d\BaseCamera.cpp" />
    <ClCompile Include="engine\base\D3DResourceLeakChecker.cpp" />
    <ClCompile Include="engine\base\DirectXCommon.cpp" />
    <ClCompile Include="externals\imgui\imgui.cpp" />
    <ClCompile Include="externals\imgui\imgui_demo.cpp" />
    <ClCompile Include="externals\imgui\imgui_draw.cpp" />
    <ClCompile Include="externals\imgui\imgui_impl_dx12.cpp" />
    <ClCompile Include="externals\imgui\imgui_impl_win32.cpp" />
    <ClCompile Include="externals\imgui\imgui_tables.cpp" />
    <ClCompile Include="externals\imgui\imgui_widgets.cpp" />
    <ClCompile Include="engine\input\Input.cpp" />
    <ClCompile Include="engine\base\Logger.cpp" />
    <ClCompile Include="engine\2d\ImGuiManager.cpp" />
    <ClCompile Include="Framework.cpp" />
    <ClCompile Include="engine\scene\GamePlayScene.cpp" />
    <ClCompile Include="engine\3d\LineDrawer.cpp" />
    <ClCompile Include="engine\3d\LineDrawerCommon.cpp" />
    <ClCompile Include="main.cpp" />
    <ClCompile Include="engine\3d\Model.cpp" />
    <ClCompile Include="engine\3d\ModelManager.cpp" />
    <ClCompile Include="engine\3d\Object3d.cpp" />
    <ClCompile Include="engine\3d\Object3dCommon.cpp" />
    <ClCompile Include="engine\2d\Sprite.cpp" />
    <ClCompile Include="engine\2d\SpriteCommon.cpp" />
    <ClCompile Include="engine\base\StringUtility.cpp" />
    <ClCompile Include="engine\base\TextureManager.cpp" />
    <ClCompile Include="engine\base\WinApp.cpp" />
    <ClCompile Include="engine\base\SrvManager.cpp" />
    <ClCompile Include="engine\math\MyMath.cpp" />
    <ClCompile Include="engine\base\MainRender.cpp" />
    <ClCompile Include="MyGame.cpp" />
    <ClCompile Include="engine\scenebase\SceneFactory.cpp" />
    <ClCompile Include="engine\scenebase\SceneManager.cpp" />
    <ClCompile Include="engine\scene\TitleScene.cpp" />
    <ClCompile Include="engine\3d\Particle.cpp" />
    <ClCompile Include="engine\3d\ParticleCommon.cpp" />
    <ClCompile Include="engine\3d\WorldTransform.cpp" />
    <ClCompile Include="Player.cpp" />
    <ClCompile Include="engine\3d\PointLight.cpp" />
    <ClCompile Include="engine\3d\SceneLight.cpp" />
    <ClCompile Include="engine\3d\SpotLight.cpp" />
    <ClCompile Include="Skydome.cpp" />
    <ClCompile Include="Ground.cpp" />
    <ClCompile Include="Shape.cpp" />
    <ClCompile Include="SnowBullet.cpp" />
    <ClCompile Include="GamePlayCamera.cpp" />
    <ClCompile Include="Enemy.cpp" />
    <ClCompile Include="Collider.cpp" />
    <ClCompile Include="CollisionManager.cpp" />
    <ClCompile Include="engine\scene\ClearScene.cpp" />
  </ItemGroup>
  <ItemGroup>
    <ClInclude Include="engine\3d\DirectionalLight.h" />
    <ClInclude Include="engine\3d\DevelopCamera.h" />
    <ClInclude Include="engine\scene\DevelopScene.h" />
    <ClInclude Include="engine\scenebase\AbstractSceneFactory.h" />
    <ClInclude Include="engine\scene\BaseScene.h" />
    <ClInclude Include="engine\audio\Audio.h" />
    <ClInclude Include="engine\audio\AudioCommon.h" />
    <ClInclude Include="engine\3d\BaseCamera.h" />
    <ClInclude Include="engine\base\D3DResourceLeakChecker.h" />
    <ClInclude Include="engine\base\DirectXCommon.h" />
    <ClInclude Include="externals\imgui\imconfig.h" />
    <ClInclude Include="externals\imgui\imgui.h" />
    <ClInclude Include="externals\imgui\imgui_impl_dx12.h" />
    <ClInclude Include="externals\imgui\imgui_impl_win32.h" />
    <ClInclude Include="externals\imgui\imgui_internal.h" />
    <ClInclude Include="externals\imgui\imstb_rectpack.h" />
    <ClInclude Include="externals\imgui\imstb_textedit.h" />
    <ClInclude Include="externals\imgui\imstb_truetype.h" />
    <ClInclude Include="engine\input\Input.h" />
    <ClInclude Include="engine\base\Logger.h" />
    <ClInclude Include="engine\math\Matrix3x3.h" />
    <ClInclude Include="engine\math\Matrix4x4.h" />
    <ClInclude Include="engine\3d\Model.h" />
    <ClInclude Include="engine\3d\ModelManager.h" />
    <ClInclude Include="engine\3d\Object3d.h" />
    <ClInclude Include="engine\3d\Object3dCommon.h" />
    <ClInclude Include="engine\2d\Sprite.h" />
    <ClInclude Include="engine\2d\SpriteCommon.h" />
    <ClInclude Include="engine\base\StringUtility.h" />
    <ClInclude Include="engine\base\TextureManager.h" />
    <ClInclude Include="engine\math\Vector2.h" />
    <ClInclude Include="engine\math\Vector3.h" />
    <ClInclude Include="engine\math\Vector4.h" />
    <ClInclude Include="engine\base\WinApp.h" />
    <ClInclude Include="engine\2d\ImGuiManager.h" />
    <ClInclude Include="engine\base\SrvManager.h" />
    <ClInclude Include="Framework.h" />
    <ClInclude Include="engine\scene\GamePlayScene.h" />
    <ClInclude Include="engine\math\MyMath.h" />
    <ClInclude Include="engine\3d\LineDrawer.h" />
    <ClInclude Include="engine\3d\LineDrawerCommon.h" />
    <ClInclude Include="engine\base\MainRender.h" />
    <ClInclude Include="engine\3d\ModelFormat.h" />
    <ClInclude Include="MyGame.h" />
    <ClInclude Include="engine\scenebase\SceneFactory.h" />
    <ClInclude Include="engine\scenebase\SceneManager.h" />
    <ClInclude Include="engine\scene\TitleScene.h" />
    <ClInclude Include="engine\3d\Particle.h" />
    <ClInclude Include="engine\3d\ParticleCommon.h" />
    <ClInclude Include="engine\3d\WorldTransform.h" />
    <ClInclude Include="Player.h" />
    <ClInclude Include="engine\3d\PointLight.h" />
    <ClInclude Include="engine\math\Quaternion.h" />
    <ClInclude Include="engine\3d\SceneLight.h" />
    <ClInclude Include="engine\3d\SpotLight.h" />
    <ClInclude Include="Skydome.h" />
    <ClInclude Include="Ground.h" />
    <ClInclude Include="Shape.h" />
    <ClInclude Include="SnowBullet.h" />
    <ClInclude Include="GamePlayCamera.h" />
    <ClInclude Include="Enemy.h" />
    <ClInclude Include="Collider.h" />
    <ClInclude Include="CollisionConfig.h" />
    <ClInclude Include="CollisionManager.h" />
    <ClInclude Include="engine\scene\ClearScene.h" />
  </ItemGroup>
  <ItemGroup>
    <None Include="Resources\shaders\LineDrawer.hlsli" />
    <None Include="Resources\shaders\Particle.hlsli" />
    <None Include="Resources\shaders\Object3d.hlsli" />
    <None Include="Resources\shaders\Sprite.hlsli" />
    <None Include="Resources\shaders\SkinningObject3d.hlsli" />
  </ItemGroup>
  <ItemGroup>
    <Text Include="externals\imgui\LICENSE.txt" />
  </ItemGroup>
</Project>