<?xml version="1.0" encoding="utf-8"?>
<Project ToolsVersion="4.0" xmlns="http://schemas.microsoft.com/developer/msbuild/2003">
  <ItemGroup>
    <FxCompile Include="Resources\shaders\LineDrawer.PS.hlsl" />
    <FxCompile Include="Resources\shaders\LineDrawer.VS.hlsl" />
    <FxCompile Include="Resources\shaders\particle\Particle.PS.hlsl" />
    <FxCompile Include="Resources\shaders\particle\Particle.VS.hlsl" />
    <FxCompile Include="Resources\shaders\Object3d.PS.hlsl" />
    <FxCompile Include="Resources\shaders\Object3d.VS.hlsl" />
    <FxCompile Include="Resources\shaders\Sprite.PS.hlsl" />
    <FxCompile Include="Resources\shaders\Sprite.VS.hlsl" />
    <FxCompile Include="Resources\shaders\Skybox.VS.hlsl" />
    <FxCompile Include="Resources\shaders\Skybox.PS.hlsl" />
    <FxCompile Include="Resources\shaders\postEffects\CopyImage.VS.hlsl" />
    <FxCompile Include="Resources\shaders\postEffects\CopyImage.PS.hlsl" />
    <FxCompile Include="Resources\shaders\postEffects\Grayscale.PS.hlsl" />
    <FxCompile Include="Resources\shaders\Skinning.CS.hlsl" />
    <FxCompile Include="Resources\shaders\postEffects\Vignette.PS.hlsl" />
    <FxCompile Include="Resources\shaders\postEffects\BoxFilter.PS.hlsl" />
    <FxCompile Include="Resources\shaders\postEffects\GaussianFilter.PS.hlsl" />
    <FxCompile Include="Resources\shaders\postEffects\LuminanceBasedOutline.PS.hlsl" />
    <FxCompile Include="Resources\shaders\postEffects\RadialBlur.PS.hlsl" />
    <FxCompile Include="Resources\shaders\TextTexture.VS.hlsl" />
    <FxCompile Include="Resources\shaders\TextTexture.PS.hlsl" />
    <FxCompile Include="Resources\shaders\postEffects\Dissolve.PS.hlsl" />
    <FxCompile Include="Resources\shaders\postEffects\Random.PS.hlsl" />
    <FxCompile Include="Resources\shaders\postEffects\HSVFilter.PS.hlsl" />
    <FxCompile Include="Resources\shaders\particle\UpdateParticle.CS.hlsl" />
    <FxCompile Include="Resources\shaders\particle\InitParticle.CS.hlsl" />
    <FxCompile Include="Resources\shaders\particle\EmitParticle.CS.hlsl" />
  </ItemGroup>
  <ItemGroup>
    <ClCompile Include="engine\3d\DirectionalLight.cpp" />
    <ClCompile Include="engine\3d\DevelopCamera.cpp" />
    <ClCompile Include="engine\scene\DevelopScene.cpp" />
    <ClCompile Include="engine\scenebase\AbstractSceneFactory.cpp" />
    <ClCompile Include="engine\scene\BaseScene.cpp" />
    <ClCompile Include="engine\audio\Audio.cpp" />
    <ClCompile Include="engine\audio\AudioCommon.cpp" />
    <ClCompile Include="engine\3d\BaseCamera.cpp" />
    <ClCompile Include="engine\base\D3DResourceLeakChecker.cpp" />
    <ClCompile Include="engine\base\DirectXCommon.cpp" />
    <ClCompile Include="externals\imgui\imgui.cpp" />
    <ClCompile Include="externals\imgui\imgui_demo.cpp" />
    <ClCompile Include="externals\imgui\imgui_draw.cpp" />
    <ClCompile Include="externals\imgui\imgui_impl_dx12.cpp" />
    <ClCompile Include="externals\imgui\imgui_impl_win32.cpp" />
    <ClCompile Include="externals\imgui\imgui_tables.cpp" />
    <ClCompile Include="externals\imgui\imgui_widgets.cpp" />
    <ClCompile Include="engine\input\Input.cpp" />
    <ClCompile Include="engine\base\Logger.cpp" />
    <ClCompile Include="engine\2d\ImGuiManager.cpp" />
    <ClCompile Include="engine\3d\LineDrawer.cpp" />
    <ClCompile Include="engine\3d\LineDrawerCommon.cpp" />
    <ClCompile Include="main.cpp" />
    <ClCompile Include="engine\3d\Model.cpp" />
    <ClCompile Include="engine\3d\ModelManager.cpp" />
    <ClCompile Include="engine\3d\Object3d.cpp" />
    <ClCompile Include="engine\3d\Object3dCommon.cpp" />
    <ClCompile Include="engine\2d\Sprite.cpp" />
    <ClCompile Include="engine\2d\SpriteCommon.cpp" />
    <ClCompile Include="engine\util\StringUtility.cpp" />
    <ClCompile Include="engine\base\TextureManager.cpp" />
    <ClCompile Include="engine\base\WinApp.cpp" />
    <ClCompile Include="engine\base\GPUDescriptorManager.cpp" />
    <ClCompile Include="engine\math\MyMath.cpp" />
    <ClCompile Include="engine\base\MainRender.cpp" />
    <ClCompile Include="MyGame.cpp" />
    <ClCompile Include="engine\scenebase\SceneFactory.cpp" />
    <ClCompile Include="engine\scenebase\SceneManager.cpp" />
    <ClCompile Include="engine\3d\Particle.cpp" />
    <ClCompile Include="engine\3d\WorldTransform.cpp" />
    <ClCompile Include="engine\3d\PointLight.cpp" />
    <ClCompile Include="engine\3d\SceneLight.cpp" />
    <ClCompile Include="engine\3d\SpotLight.cpp" />
    <ClCompile Include="engine\3d\Shape.cpp" />
    <ClCompile Include="engine\collision\Collider.cpp" />
    <ClCompile Include="engine\collision\CollisionManager.cpp" />
    <ClCompile Include="engine\util\RandomStringUtil.cpp" />
    <ClCompile Include="engine\3d\ParticleManager.cpp" />
    <ClCompile Include="engine\base\Framework.cpp" />
    <ClCompile Include="engine\math\Vector3.cpp" />
    <ClCompile Include="engine\scene\ParticleCreatorScene.cpp" />
    <ClCompile Include="engine\scenebase\SceneTransitionAnimation.cpp" />
    <ClCompile Include="engine\util\JsonUtil.cpp" />
    <ClCompile Include="engine\base\TextTextureManager.cpp" />
    <ClCompile Include="engine\base\D2DRender.cpp" />
    <ClCompile Include="engine\3d\AnimationModel.cpp" />
    <ClCompile Include="engine\base\PostEffectManager.cpp" />
    <ClCompile Include="engine\base\RTVManager.cpp" />
    <ClCompile Include="engine\3d\CombinedParticle.cpp" />
    <ClCompile Include="engine\base\DSVManager.cpp" />
    <ClCompile Include="engine\base\TextTextureRender.cpp" />
    <ClCompile Include="engine\3d\LevelObject.cpp" />
  </ItemGroup>
  <ItemGroup>
    <ClInclude Include="engine\3d\DirectionalLight.h" />
    <ClInclude Include="engine\3d\DevelopCamera.h" />
    <ClInclude Include="engine\scene\DevelopScene.h" />
    <ClInclude Include="engine\scenebase\AbstractSceneFactory.h" />
    <ClInclude Include="engine\scene\BaseScene.h" />
    <ClInclude Include="engine\audio\Audio.h" />
    <ClInclude Include="engine\audio\AudioCommon.h" />
    <ClInclude Include="engine\3d\BaseCamera.h" />
    <ClInclude Include="engine\base\D3DResourceLeakChecker.h" />
    <ClInclude Include="engine\base\DirectXCommon.h" />
    <ClInclude Include="externals\imgui\imconfig.h" />
    <ClInclude Include="externals\imgui\imgui.h" />
    <ClInclude Include="externals\imgui\imgui_impl_dx12.h" />
    <ClInclude Include="externals\imgui\imgui_impl_win32.h" />
    <ClInclude Include="externals\imgui\imgui_internal.h" />
    <ClInclude Include="externals\imgui\imstb_rectpack.h" />
    <ClInclude Include="externals\imgui\imstb_textedit.h" />
    <ClInclude Include="externals\imgui\imstb_truetype.h" />
    <ClInclude Include="engine\input\Input.h" />
    <ClInclude Include="engine\base\Logger.h" />
    <ClInclude Include="engine\math\Matrix3x3.h" />
    <ClInclude Include="engine\math\Matrix4x4.h" />
    <ClInclude Include="engine\3d\Model.h" />
    <ClInclude Include="engine\3d\ModelManager.h" />
    <ClInclude Include="engine\3d\Object3d.h" />
    <ClInclude Include="engine\3d\Object3dCommon.h" />
    <ClInclude Include="engine\2d\Sprite.h" />
    <ClInclude Include="engine\2d\SpriteCommon.h" />
    <ClInclude Include="engine\util\StringUtility.h" />
    <ClInclude Include="engine\base\TextureManager.h" />
    <ClInclude Include="engine\math\Vector2.h" />
    <ClInclude Include="engine\math\Vector3.h" />
    <ClInclude Include="engine\math\Vector4.h" />
    <ClInclude Include="engine\base\WinApp.h" />
    <ClInclude Include="engine\2d\ImGuiManager.h" />
    <ClInclude Include="engine\base\GPUDescriptorManager.h" />
    <ClInclude Include="engine\math\MyMath.h" />
    <ClInclude Include="engine\3d\LineDrawer.h" />
    <ClInclude Include="engine\3d\LineDrawerCommon.h" />
    <ClInclude Include="engine\base\MainRender.h" />
    <ClInclude Include="engine\3d\ModelFormat.h" />
    <ClInclude Include="MyGame.h" />
    <ClInclude Include="engine\scenebase\SceneFactory.h" />
    <ClInclude Include="engine\scenebase\SceneManager.h" />
    <ClInclude Include="engine\3d\Particle.h" />
    <ClInclude Include="engine\3d\WorldTransform.h" />
    <ClInclude Include="engine\3d\PointLight.h" />
    <ClInclude Include="engine\math\Quaternion.h" />
    <ClInclude Include="engine\3d\SceneLight.h" />
    <ClInclude Include="engine\3d\SpotLight.h" />
    <ClInclude Include="engine\3d\Shape.h" />
    <ClInclude Include="engine\collision\Collider.h" />
    <ClInclude Include="engine\collision\CollisionConfig.h" />
    <ClInclude Include="engine\collision\CollisionManager.h" />
    <ClInclude Include="engine\util\RandomStringUtil.h" />
    <ClInclude Include="engine\3d\ParticleManager.h" />
    <ClInclude Include="engine\base\Framework.h" />
    <ClInclude Include="engine\scene\ParticleCreatorScene.h" />
    <ClInclude Include="engine\scenebase\SceneTransitionAnimation.h" />
    <ClInclude Include="engine\util\JsonUtil.h" />
    <ClInclude Include="engine\base\TextTextureManager.h" />
    <ClInclude Include="engine\base\D2DRender.h" />
    <ClInclude Include="engine\3d\AnimationModel.h" />
    <ClInclude Include="engine\math\BlendMode.h" />
    <ClInclude Include="engine\base\PostEffectManager.h" />
    <ClInclude Include="engine\base\RTVManager.h" />
    <ClInclude Include="engine\3d\CombinedParticle.h" />
    <ClInclude Include="engine\base\DSVManager.h" />
    <ClInclude Include="engine\base\TextTextureRender.h" />
    <ClInclude Include="engine\util\Handle.h" />
    <ClInclude Include="engine\3d\LevelObject.h" />
  </ItemGroup>
  <ItemGroup>
    <None Include="Resources\shaders\LineDrawer.hlsli" />
    <None Include="Resources\shaders\Object3d.hlsli" />
    <None Include="Resources\shaders\Sprite.hlsli" />
    <None Include="Resources\shaders\Skybox.hlsli" />
    <None Include="Resources\shaders\postEffects\CopyImage.hlsli" />
    <None Include="Resources\shaders\TextTexture.hlsli" />
    <None Include="Resources\shaders\util\RandomUtility.hlsli" />
    <None Include="Resources\shaders\particle\ParticleCommon.hlsli" />
  </ItemGroup>
  <ItemGroup>
    <Text Include="externals\imgui\LICENSE.txt" />
  </ItemGroup>
</Project>